
Microsoft Visual Studio Solution File, Format Version 12.00
# Visual Studio Version 16
Project("{2150E333-8FDC-42A3-9474-1A3956D46DE8}") = "CMakePredefinedTargets", "CMakePredefinedTargets", "{3C7F65F3-039A-3D63-9331-810F4CD1E411}"
EndProject
Project("{8BC9CEB8-8B4A-11D0-8D11-00A0C91BC942}") = "ALL_BUILD", "ALL_BUILD.vcxproj", "{07CB3114-CEE9-3ACE-9DA6-14236FE23E87}"
	ProjectSection(ProjectDependencies) = postProject
		{588F009D-CE2F-3AC2-87A3-829D79D67798} = {588F009D-CE2F-3AC2-87A3-829D79D67798}
		{2F7F9CC5-A9F9-3C13-9809-6BBFEA2BF284} = {2F7F9CC5-A9F9-3C13-9809-6BBFEA2BF284}
		{AA257FEB-0C9D-33CC-8AB9-4F10908B65D5} = {AA257FEB-0C9D-33CC-8AB9-4F10908B65D5}
		{2A3570D9-E2F9-3F2D-A887-4352AE041D6E} = {2A3570D9-E2F9-3F2D-A887-4352AE041D6E}
		{32D44B6F-E7E5-3E1E-8F6C-257C96BD6661} = {32D44B6F-E7E5-3E1E-8F6C-257C96BD6661}
		{D92BC09A-D965-32E4-97D5-4564C538F204} = {D92BC09A-D965-32E4-97D5-4564C538F204}
		{598DF185-466D-384F-A903-5D1FCDB219B6} = {598DF185-466D-384F-A903-5D1FCDB219B6}
		{5F17544C-F6E8-3EA6-A0DC-788865D202C1} = {5F17544C-F6E8-3EA6-A0DC-788865D202C1}
		{570265CE-A649-36BA-810D-52B95A0386B5} = {570265CE-A649-36BA-810D-52B95A0386B5}
		{24D393DF-B9F3-361D-8697-5933C2EF5A42} = {24D393DF-B9F3-361D-8697-5933C2EF5A42}
		{FCC76684-0B19-353A-81AA-558D25F77DF9} = {FCC76684-0B19-353A-81AA-558D25F77DF9}
		{C8D94EB4-E023-3035-9126-96E95DD118DE} = {C8D94EB4-E023-3035-9126-96E95DD118DE}
		{04A5F9B4-9330-317A-B3A7-4BA48C5FE405} = {04A5F9B4-9330-317A-B3A7-4BA48C5FE405}
		{E27E9D07-1DF7-3979-AC4C-EEC0DA872261} = {E27E9D07-1DF7-3979-AC4C-EEC0DA872261}
		{405CB535-AB57-309A-B28F-7ABFAB395CFA} = {405CB535-AB57-309A-B28F-7ABFAB395CFA}
		{FE30721D-17BD-307D-A2EF-DD115CDA7448} = {FE30721D-17BD-307D-A2EF-DD115CDA7448}
		{BACDC5EF-2B76-3248-988A-333F7FF257DD} = {BACDC5EF-2B76-3248-988A-333F7FF257DD}
		{FD9834D5-550F-39AA-BB77-9FD977F6054B} = {FD9834D5-550F-39AA-BB77-9FD977F6054B}
		{F190478C-620A-3F58-A8B8-5A77F188D598} = {F190478C-620A-3F58-A8B8-5A77F188D598}
		{6B8F6195-AA13-320B-B819-389C6EFFC637} = {6B8F6195-AA13-320B-B819-389C6EFFC637}
		{ED775DFE-6BE6-39E7-88EB-0A499EC01C86} = {ED775DFE-6BE6-39E7-88EB-0A499EC01C86}
		{7E8D69C6-BF82-3003-A557-08835DF10630} = {7E8D69C6-BF82-3003-A557-08835DF10630}
		{FA4F4CEB-012C-3953-B980-7E72FAB6AB97} = {FA4F4CEB-012C-3953-B980-7E72FAB6AB97}
		{49D61F8F-771F-37BA-B350-4097F4E77939} = {49D61F8F-771F-37BA-B350-4097F4E77939}
		{83EA3D06-73DD-35EE-A4AA-32807E762BC4} = {83EA3D06-73DD-35EE-A4AA-32807E762BC4}
	EndProjectSection
EndProject
Project("{8BC9CEB8-8B4A-11D0-8D11-00A0C91BC942}") = "ZERO_CHECK", "ZERO_CHECK.vcxproj", "{588F009D-CE2F-3AC2-87A3-829D79D67798}"
	ProjectSection(ProjectDependencies) = postProject
	EndProjectSection
EndProject
Project("{8BC9CEB8-8B4A-11D0-8D11-00A0C91BC942}") = "glad", "support\glad.vcxproj", "{2F7F9CC5-A9F9-3C13-9809-6BBFEA2BF284}"
	ProjectSection(ProjectDependencies) = postProject
		{588F009D-CE2F-3AC2-87A3-829D79D67798} = {588F009D-CE2F-3AC2-87A3-829D79D67798}
	EndProjectSection
EndProject
Project("{8BC9CEB8-8B4A-11D0-8D11-00A0C91BC942}") = "glfw", "support\GLFW\src\glfw.vcxproj", "{AA257FEB-0C9D-33CC-8AB9-4F10908B65D5}"
	ProjectSection(ProjectDependencies) = postProject
		{588F009D-CE2F-3AC2-87A3-829D79D67798} = {588F009D-CE2F-3AC2-87A3-829D79D67798}
	EndProjectSection
EndProject
Project("{8BC9CEB8-8B4A-11D0-8D11-00A0C91BC942}") = "imgui", "support\imgui\imgui.vcxproj", "{2A3570D9-E2F9-3F2D-A887-4352AE041D6E}"
	ProjectSection(ProjectDependencies) = postProject
		{588F009D-CE2F-3AC2-87A3-829D79D67798} = {588F009D-CE2F-3AC2-87A3-829D79D67798}
		{2F7F9CC5-A9F9-3C13-9809-6BBFEA2BF284} = {2F7F9CC5-A9F9-3C13-9809-6BBFEA2BF284}
		{AA257FEB-0C9D-33CC-8AB9-4F10908B65D5} = {AA257FEB-0C9D-33CC-8AB9-4F10908B65D5}
	EndProjectSection
EndProject
Project("{8BC9CEB8-8B4A-11D0-8D11-00A0C91BC942}") = "optixBoundValues", "optixBoundValues\optixBoundValues.vcxproj", "{32D44B6F-E7E5-3E1E-8F6C-257C96BD6661}"
	ProjectSection(ProjectDependencies) = postProject
		{588F009D-CE2F-3AC2-87A3-829D79D67798} = {588F009D-CE2F-3AC2-87A3-829D79D67798}
		{2F7F9CC5-A9F9-3C13-9809-6BBFEA2BF284} = {2F7F9CC5-A9F9-3C13-9809-6BBFEA2BF284}
		{AA257FEB-0C9D-33CC-8AB9-4F10908B65D5} = {AA257FEB-0C9D-33CC-8AB9-4F10908B65D5}
		{2A3570D9-E2F9-3F2D-A887-4352AE041D6E} = {2A3570D9-E2F9-3F2D-A887-4352AE041D6E}
		{83EA3D06-73DD-35EE-A4AA-32807E762BC4} = {83EA3D06-73DD-35EE-A4AA-32807E762BC4}
	EndProjectSection
EndProject
Project("{8BC9CEB8-8B4A-11D0-8D11-00A0C91BC942}") = "optixCallablePrograms", "optixCallablePrograms\optixCallablePrograms.vcxproj", "{D92BC09A-D965-32E4-97D5-4564C538F204}"
	ProjectSection(ProjectDependencies) = postProject
		{588F009D-CE2F-3AC2-87A3-829D79D67798} = {588F009D-CE2F-3AC2-87A3-829D79D67798}
		{2F7F9CC5-A9F9-3C13-9809-6BBFEA2BF284} = {2F7F9CC5-A9F9-3C13-9809-6BBFEA2BF284}
		{AA257FEB-0C9D-33CC-8AB9-4F10908B65D5} = {AA257FEB-0C9D-33CC-8AB9-4F10908B65D5}
		{2A3570D9-E2F9-3F2D-A887-4352AE041D6E} = {2A3570D9-E2F9-3F2D-A887-4352AE041D6E}
		{83EA3D06-73DD-35EE-A4AA-32807E762BC4} = {83EA3D06-73DD-35EE-A4AA-32807E762BC4}
	EndProjectSection
EndProject
Project("{8BC9CEB8-8B4A-11D0-8D11-00A0C91BC942}") = "optixCurves", "optixCurves\optixCurves.vcxproj", "{598DF185-466D-384F-A903-5D1FCDB219B6}"
	ProjectSection(ProjectDependencies) = postProject
		{588F009D-CE2F-3AC2-87A3-829D79D67798} = {588F009D-CE2F-3AC2-87A3-829D79D67798}
		{2F7F9CC5-A9F9-3C13-9809-6BBFEA2BF284} = {2F7F9CC5-A9F9-3C13-9809-6BBFEA2BF284}
		{AA257FEB-0C9D-33CC-8AB9-4F10908B65D5} = {AA257FEB-0C9D-33CC-8AB9-4F10908B65D5}
		{2A3570D9-E2F9-3F2D-A887-4352AE041D6E} = {2A3570D9-E2F9-3F2D-A887-4352AE041D6E}
		{83EA3D06-73DD-35EE-A4AA-32807E762BC4} = {83EA3D06-73DD-35EE-A4AA-32807E762BC4}
	EndProjectSection
EndProject
Project("{8BC9CEB8-8B4A-11D0-8D11-00A0C91BC942}") = "optixCutouts", "optixCutouts\optixCutouts.vcxproj", "{5F17544C-F6E8-3EA6-A0DC-788865D202C1}"
	ProjectSection(ProjectDependencies) = postProject
		{588F009D-CE2F-3AC2-87A3-829D79D67798} = {588F009D-CE2F-3AC2-87A3-829D79D67798}
		{2F7F9CC5-A9F9-3C13-9809-6BBFEA2BF284} = {2F7F9CC5-A9F9-3C13-9809-6BBFEA2BF284}
		{AA257FEB-0C9D-33CC-8AB9-4F10908B65D5} = {AA257FEB-0C9D-33CC-8AB9-4F10908B65D5}
		{2A3570D9-E2F9-3F2D-A887-4352AE041D6E} = {2A3570D9-E2F9-3F2D-A887-4352AE041D6E}
		{83EA3D06-73DD-35EE-A4AA-32807E762BC4} = {83EA3D06-73DD-35EE-A4AA-32807E762BC4}
	EndProjectSection
EndProject
Project("{8BC9CEB8-8B4A-11D0-8D11-00A0C91BC942}") = "optixDemandPaging", "optixDemandPaging\optixDemandPaging.vcxproj", "{570265CE-A649-36BA-810D-52B95A0386B5}"
	ProjectSection(ProjectDependencies) = postProject
		{588F009D-CE2F-3AC2-87A3-829D79D67798} = {588F009D-CE2F-3AC2-87A3-829D79D67798}
		{2F7F9CC5-A9F9-3C13-9809-6BBFEA2BF284} = {2F7F9CC5-A9F9-3C13-9809-6BBFEA2BF284}
		{AA257FEB-0C9D-33CC-8AB9-4F10908B65D5} = {AA257FEB-0C9D-33CC-8AB9-4F10908B65D5}
		{2A3570D9-E2F9-3F2D-A887-4352AE041D6E} = {2A3570D9-E2F9-3F2D-A887-4352AE041D6E}
		{FD9834D5-550F-39AA-BB77-9FD977F6054B} = {FD9834D5-550F-39AA-BB77-9FD977F6054B}
		{83EA3D06-73DD-35EE-A4AA-32807E762BC4} = {83EA3D06-73DD-35EE-A4AA-32807E762BC4}
	EndProjectSection
EndProject
Project("{8BC9CEB8-8B4A-11D0-8D11-00A0C91BC942}") = "optixDenoiser", "optixDenoiser\optixDenoiser.vcxproj", "{24D393DF-B9F3-361D-8697-5933C2EF5A42}"
	ProjectSection(ProjectDependencies) = postProject
		{588F009D-CE2F-3AC2-87A3-829D79D67798} = {588F009D-CE2F-3AC2-87A3-829D79D67798}
		{2F7F9CC5-A9F9-3C13-9809-6BBFEA2BF284} = {2F7F9CC5-A9F9-3C13-9809-6BBFEA2BF284}
		{AA257FEB-0C9D-33CC-8AB9-4F10908B65D5} = {AA257FEB-0C9D-33CC-8AB9-4F10908B65D5}
		{2A3570D9-E2F9-3F2D-A887-4352AE041D6E} = {2A3570D9-E2F9-3F2D-A887-4352AE041D6E}
		{83EA3D06-73DD-35EE-A4AA-32807E762BC4} = {83EA3D06-73DD-35EE-A4AA-32807E762BC4}
	EndProjectSection
EndProject
Project("{8BC9CEB8-8B4A-11D0-8D11-00A0C91BC942}") = "optixDynamicGeometry", "optixDynamicGeometry\optixDynamicGeometry.vcxproj", "{FCC76684-0B19-353A-81AA-558D25F77DF9}"
	ProjectSection(ProjectDependencies) = postProject
		{588F009D-CE2F-3AC2-87A3-829D79D67798} = {588F009D-CE2F-3AC2-87A3-829D79D67798}
		{2F7F9CC5-A9F9-3C13-9809-6BBFEA2BF284} = {2F7F9CC5-A9F9-3C13-9809-6BBFEA2BF284}
		{AA257FEB-0C9D-33CC-8AB9-4F10908B65D5} = {AA257FEB-0C9D-33CC-8AB9-4F10908B65D5}
		{2A3570D9-E2F9-3F2D-A887-4352AE041D6E} = {2A3570D9-E2F9-3F2D-A887-4352AE041D6E}
		{83EA3D06-73DD-35EE-A4AA-32807E762BC4} = {83EA3D06-73DD-35EE-A4AA-32807E762BC4}
	EndProjectSection
EndProject
Project("{8BC9CEB8-8B4A-11D0-8D11-00A0C91BC942}") = "optixDynamicMaterials", "optixDynamicMaterials\optixDynamicMaterials.vcxproj", "{C8D94EB4-E023-3035-9126-96E95DD118DE}"
	ProjectSection(ProjectDependencies) = postProject
		{588F009D-CE2F-3AC2-87A3-829D79D67798} = {588F009D-CE2F-3AC2-87A3-829D79D67798}
		{2F7F9CC5-A9F9-3C13-9809-6BBFEA2BF284} = {2F7F9CC5-A9F9-3C13-9809-6BBFEA2BF284}
		{AA257FEB-0C9D-33CC-8AB9-4F10908B65D5} = {AA257FEB-0C9D-33CC-8AB9-4F10908B65D5}
		{2A3570D9-E2F9-3F2D-A887-4352AE041D6E} = {2A3570D9-E2F9-3F2D-A887-4352AE041D6E}
		{83EA3D06-73DD-35EE-A4AA-32807E762BC4} = {83EA3D06-73DD-35EE-A4AA-32807E762BC4}
	EndProjectSection
EndProject
Project("{8BC9CEB8-8B4A-11D0-8D11-00A0C91BC942}") = "optixHair", "optixHair\optixHair.vcxproj", "{04A5F9B4-9330-317A-B3A7-4BA48C5FE405}"
	ProjectSection(ProjectDependencies) = postProject
		{588F009D-CE2F-3AC2-87A3-829D79D67798} = {588F009D-CE2F-3AC2-87A3-829D79D67798}
		{2F7F9CC5-A9F9-3C13-9809-6BBFEA2BF284} = {2F7F9CC5-A9F9-3C13-9809-6BBFEA2BF284}
		{AA257FEB-0C9D-33CC-8AB9-4F10908B65D5} = {AA257FEB-0C9D-33CC-8AB9-4F10908B65D5}
		{2A3570D9-E2F9-3F2D-A887-4352AE041D6E} = {2A3570D9-E2F9-3F2D-A887-4352AE041D6E}
		{83EA3D06-73DD-35EE-A4AA-32807E762BC4} = {83EA3D06-73DD-35EE-A4AA-32807E762BC4}
	EndProjectSection
EndProject
Project("{8BC9CEB8-8B4A-11D0-8D11-00A0C91BC942}") = "optixHello", "optixHello\optixHello.vcxproj", "{E27E9D07-1DF7-3979-AC4C-EEC0DA872261}"
	ProjectSection(ProjectDependencies) = postProject
		{588F009D-CE2F-3AC2-87A3-829D79D67798} = {588F009D-CE2F-3AC2-87A3-829D79D67798}
		{2F7F9CC5-A9F9-3C13-9809-6BBFEA2BF284} = {2F7F9CC5-A9F9-3C13-9809-6BBFEA2BF284}
		{AA257FEB-0C9D-33CC-8AB9-4F10908B65D5} = {AA257FEB-0C9D-33CC-8AB9-4F10908B65D5}
		{2A3570D9-E2F9-3F2D-A887-4352AE041D6E} = {2A3570D9-E2F9-3F2D-A887-4352AE041D6E}
		{83EA3D06-73DD-35EE-A4AA-32807E762BC4} = {83EA3D06-73DD-35EE-A4AA-32807E762BC4}
	EndProjectSection
EndProject
Project("{8BC9CEB8-8B4A-11D0-8D11-00A0C91BC942}") = "optixMeshViewer", "optixMeshViewer\optixMeshViewer.vcxproj", "{405CB535-AB57-309A-B28F-7ABFAB395CFA}"
	ProjectSection(ProjectDependencies) = postProject
		{588F009D-CE2F-3AC2-87A3-829D79D67798} = {588F009D-CE2F-3AC2-87A3-829D79D67798}
		{2F7F9CC5-A9F9-3C13-9809-6BBFEA2BF284} = {2F7F9CC5-A9F9-3C13-9809-6BBFEA2BF284}
		{AA257FEB-0C9D-33CC-8AB9-4F10908B65D5} = {AA257FEB-0C9D-33CC-8AB9-4F10908B65D5}
		{2A3570D9-E2F9-3F2D-A887-4352AE041D6E} = {2A3570D9-E2F9-3F2D-A887-4352AE041D6E}
		{83EA3D06-73DD-35EE-A4AA-32807E762BC4} = {83EA3D06-73DD-35EE-A4AA-32807E762BC4}
	EndProjectSection
EndProject
Project("{8BC9CEB8-8B4A-11D0-8D11-00A0C91BC942}") = "optixMultiGPU", "optixMultiGPU\optixMultiGPU.vcxproj", "{FE30721D-17BD-307D-A2EF-DD115CDA7448}"
	ProjectSection(ProjectDependencies) = postProject
		{588F009D-CE2F-3AC2-87A3-829D79D67798} = {588F009D-CE2F-3AC2-87A3-829D79D67798}
		{2F7F9CC5-A9F9-3C13-9809-6BBFEA2BF284} = {2F7F9CC5-A9F9-3C13-9809-6BBFEA2BF284}
		{AA257FEB-0C9D-33CC-8AB9-4F10908B65D5} = {AA257FEB-0C9D-33CC-8AB9-4F10908B65D5}
		{2A3570D9-E2F9-3F2D-A887-4352AE041D6E} = {2A3570D9-E2F9-3F2D-A887-4352AE041D6E}
		{83EA3D06-73DD-35EE-A4AA-32807E762BC4} = {83EA3D06-73DD-35EE-A4AA-32807E762BC4}
	EndProjectSection
EndProject
Project("{8BC9CEB8-8B4A-11D0-8D11-00A0C91BC942}") = "optixNVLink", "optixNVLink\optixNVLink.vcxproj", "{BACDC5EF-2B76-3248-988A-333F7FF257DD}"
	ProjectSection(ProjectDependencies) = postProject
		{588F009D-CE2F-3AC2-87A3-829D79D67798} = {588F009D-CE2F-3AC2-87A3-829D79D67798}
		{2F7F9CC5-A9F9-3C13-9809-6BBFEA2BF284} = {2F7F9CC5-A9F9-3C13-9809-6BBFEA2BF284}
		{AA257FEB-0C9D-33CC-8AB9-4F10908B65D5} = {AA257FEB-0C9D-33CC-8AB9-4F10908B65D5}
		{2A3570D9-E2F9-3F2D-A887-4352AE041D6E} = {2A3570D9-E2F9-3F2D-A887-4352AE041D6E}
		{83EA3D06-73DD-35EE-A4AA-32807E762BC4} = {83EA3D06-73DD-35EE-A4AA-32807E762BC4}
	EndProjectSection
EndProject
Project("{8BC9CEB8-8B4A-11D0-8D11-00A0C91BC942}") = "optixPaging", "lib\optixPaging\optixPaging.vcxproj", "{FD9834D5-550F-39AA-BB77-9FD977F6054B}"
	ProjectSection(ProjectDependencies) = postProject
		{588F009D-CE2F-3AC2-87A3-829D79D67798} = {588F009D-CE2F-3AC2-87A3-829D79D67798}
	EndProjectSection
EndProject
Project("{8BC9CEB8-8B4A-11D0-8D11-00A0C91BC942}") = "optixPathTracer", "optixPathTracer\optixPathTracer.vcxproj", "{F190478C-620A-3F58-A8B8-5A77F188D598}"
	ProjectSection(ProjectDependencies) = postProject
		{588F009D-CE2F-3AC2-87A3-829D79D67798} = {588F009D-CE2F-3AC2-87A3-829D79D67798}
		{2F7F9CC5-A9F9-3C13-9809-6BBFEA2BF284} = {2F7F9CC5-A9F9-3C13-9809-6BBFEA2BF284}
		{AA257FEB-0C9D-33CC-8AB9-4F10908B65D5} = {AA257FEB-0C9D-33CC-8AB9-4F10908B65D5}
		{2A3570D9-E2F9-3F2D-A887-4352AE041D6E} = {2A3570D9-E2F9-3F2D-A887-4352AE041D6E}
		{83EA3D06-73DD-35EE-A4AA-32807E762BC4} = {83EA3D06-73DD-35EE-A4AA-32807E762BC4}
	EndProjectSection
EndProject
Project("{8BC9CEB8-8B4A-11D0-8D11-00A0C91BC942}") = "optixRaycasting", "optixRaycasting\optixRaycasting.vcxproj", "{6B8F6195-AA13-320B-B819-389C6EFFC637}"
	ProjectSection(ProjectDependencies) = postProject
		{588F009D-CE2F-3AC2-87A3-829D79D67798} = {588F009D-CE2F-3AC2-87A3-829D79D67798}
		{2F7F9CC5-A9F9-3C13-9809-6BBFEA2BF284} = {2F7F9CC5-A9F9-3C13-9809-6BBFEA2BF284}
		{AA257FEB-0C9D-33CC-8AB9-4F10908B65D5} = {AA257FEB-0C9D-33CC-8AB9-4F10908B65D5}
		{2A3570D9-E2F9-3F2D-A887-4352AE041D6E} = {2A3570D9-E2F9-3F2D-A887-4352AE041D6E}
		{83EA3D06-73DD-35EE-A4AA-32807E762BC4} = {83EA3D06-73DD-35EE-A4AA-32807E762BC4}
	EndProjectSection
EndProject
Project("{8BC9CEB8-8B4A-11D0-8D11-00A0C91BC942}") = "optixSimpleMotionBlur", "optixSimpleMotionBlur\optixSimpleMotionBlur.vcxproj", "{ED775DFE-6BE6-39E7-88EB-0A499EC01C86}"
	ProjectSection(ProjectDependencies) = postProject
		{588F009D-CE2F-3AC2-87A3-829D79D67798} = {588F009D-CE2F-3AC2-87A3-829D79D67798}
		{2F7F9CC5-A9F9-3C13-9809-6BBFEA2BF284} = {2F7F9CC5-A9F9-3C13-9809-6BBFEA2BF284}
		{AA257FEB-0C9D-33CC-8AB9-4F10908B65D5} = {AA257FEB-0C9D-33CC-8AB9-4F10908B65D5}
		{2A3570D9-E2F9-3F2D-A887-4352AE041D6E} = {2A3570D9-E2F9-3F2D-A887-4352AE041D6E}
		{83EA3D06-73DD-35EE-A4AA-32807E762BC4} = {83EA3D06-73DD-35EE-A4AA-32807E762BC4}
	EndProjectSection
EndProject
Project("{8BC9CEB8-8B4A-11D0-8D11-00A0C91BC942}") = "optixSphere", "optixSphere\optixSphere.vcxproj", "{7E8D69C6-BF82-3003-A557-08835DF10630}"
	ProjectSection(ProjectDependencies) = postProject
		{588F009D-CE2F-3AC2-87A3-829D79D67798} = {588F009D-CE2F-3AC2-87A3-829D79D67798}
		{2F7F9CC5-A9F9-3C13-9809-6BBFEA2BF284} = {2F7F9CC5-A9F9-3C13-9809-6BBFEA2BF284}
		{AA257FEB-0C9D-33CC-8AB9-4F10908B65D5} = {AA257FEB-0C9D-33CC-8AB9-4F10908B65D5}
		{2A3570D9-E2F9-3F2D-A887-4352AE041D6E} = {2A3570D9-E2F9-3F2D-A887-4352AE041D6E}
		{83EA3D06-73DD-35EE-A4AA-32807E762BC4} = {83EA3D06-73DD-35EE-A4AA-32807E762BC4}
	EndProjectSection
EndProject
Project("{8BC9CEB8-8B4A-11D0-8D11-00A0C91BC942}") = "optixTriangle", "optixTriangle\optixTriangle.vcxproj", "{FA4F4CEB-012C-3953-B980-7E72FAB6AB97}"
	ProjectSection(ProjectDependencies) = postProject
		{588F009D-CE2F-3AC2-87A3-829D79D67798} = {588F009D-CE2F-3AC2-87A3-829D79D67798}
		{2F7F9CC5-A9F9-3C13-9809-6BBFEA2BF284} = {2F7F9CC5-A9F9-3C13-9809-6BBFEA2BF284}
		{AA257FEB-0C9D-33CC-8AB9-4F10908B65D5} = {AA257FEB-0C9D-33CC-8AB9-4F10908B65D5}
		{2A3570D9-E2F9-3F2D-A887-4352AE041D6E} = {2A3570D9-E2F9-3F2D-A887-4352AE041D6E}
		{83EA3D06-73DD-35EE-A4AA-32807E762BC4} = {83EA3D06-73DD-35EE-A4AA-32807E762BC4}
	EndProjectSection
EndProject
Project("{8BC9CEB8-8B4A-11D0-8D11-00A0C91BC942}") = "optixWhitted", "optixWhitted\optixWhitted.vcxproj", "{49D61F8F-771F-37BA-B350-4097F4E77939}"
	ProjectSection(ProjectDependencies) = postProject
		{588F009D-CE2F-3AC2-87A3-829D79D67798} = {588F009D-CE2F-3AC2-87A3-829D79D67798}
		{2F7F9CC5-A9F9-3C13-9809-6BBFEA2BF284} = {2F7F9CC5-A9F9-3C13-9809-6BBFEA2BF284}
		{AA257FEB-0C9D-33CC-8AB9-4F10908B65D5} = {AA257FEB-0C9D-33CC-8AB9-4F10908B65D5}
		{2A3570D9-E2F9-3F2D-A887-4352AE041D6E} = {2A3570D9-E2F9-3F2D-A887-4352AE041D6E}
		{83EA3D06-73DD-35EE-A4AA-32807E762BC4} = {83EA3D06-73DD-35EE-A4AA-32807E762BC4}
	EndProjectSection
EndProject
Project("{8BC9CEB8-8B4A-11D0-8D11-00A0C91BC942}") = "sutil_7_sdk", "sutil\sutil_7_sdk.vcxproj", "{83EA3D06-73DD-35EE-A4AA-32807E762BC4}"
	ProjectSection(ProjectDependencies) = postProject
		{588F009D-CE2F-3AC2-87A3-829D79D67798} = {588F009D-CE2F-3AC2-87A3-829D79D67798}
		{2F7F9CC5-A9F9-3C13-9809-6BBFEA2BF284} = {2F7F9CC5-A9F9-3C13-9809-6BBFEA2BF284}
		{AA257FEB-0C9D-33CC-8AB9-4F10908B65D5} = {AA257FEB-0C9D-33CC-8AB9-4F10908B65D5}
		{2A3570D9-E2F9-3F2D-A887-4352AE041D6E} = {2A3570D9-E2F9-3F2D-A887-4352AE041D6E}
	EndProjectSection
EndProject
Global
	GlobalSection(SolutionConfigurationPlatforms) = preSolution
		Debug|x64 = Debug|x64
		Release|x64 = Release|x64
		MinSizeRel|x64 = MinSizeRel|x64
		RelWithDebInfo|x64 = RelWithDebInfo|x64
	EndGlobalSection
	GlobalSection(ProjectConfigurationPlatforms) = postSolution
		{07CB3114-CEE9-3ACE-9DA6-14236FE23E87}.Debug|x64.ActiveCfg = Debug|x64
		{07CB3114-CEE9-3ACE-9DA6-14236FE23E87}.Release|x64.ActiveCfg = Release|x64
		{07CB3114-CEE9-3ACE-9DA6-14236FE23E87}.MinSizeRel|x64.ActiveCfg = MinSizeRel|x64
		{07CB3114-CEE9-3ACE-9DA6-14236FE23E87}.RelWithDebInfo|x64.ActiveCfg = RelWithDebInfo|x64
		{588F009D-CE2F-3AC2-87A3-829D79D67798}.Debug|x64.ActiveCfg = Debug|x64
		{588F009D-CE2F-3AC2-87A3-829D79D67798}.Debug|x64.Build.0 = Debug|x64
		{588F009D-CE2F-3AC2-87A3-829D79D67798}.Release|x64.ActiveCfg = Release|x64
		{588F009D-CE2F-3AC2-87A3-829D79D67798}.Release|x64.Build.0 = Release|x64
		{588F009D-CE2F-3AC2-87A3-829D79D67798}.MinSizeRel|x64.ActiveCfg = MinSizeRel|x64
		{588F009D-CE2F-3AC2-87A3-829D79D67798}.MinSizeRel|x64.Build.0 = MinSizeRel|x64
		{588F009D-CE2F-3AC2-87A3-829D79D67798}.RelWithDebInfo|x64.ActiveCfg = RelWithDebInfo|x64
		{588F009D-CE2F-3AC2-87A3-829D79D67798}.RelWithDebInfo|x64.Build.0 = RelWithDebInfo|x64
		{2F7F9CC5-A9F9-3C13-9809-6BBFEA2BF284}.Debug|x64.ActiveCfg = Debug|x64
		{2F7F9CC5-A9F9-3C13-9809-6BBFEA2BF284}.Debug|x64.Build.0 = Debug|x64
		{2F7F9CC5-A9F9-3C13-9809-6BBFEA2BF284}.Release|x64.ActiveCfg = Release|x64
		{2F7F9CC5-A9F9-3C13-9809-6BBFEA2BF284}.Release|x64.Build.0 = Release|x64
		{2F7F9CC5-A9F9-3C13-9809-6BBFEA2BF284}.MinSizeRel|x64.ActiveCfg = MinSizeRel|x64
		{2F7F9CC5-A9F9-3C13-9809-6BBFEA2BF284}.MinSizeRel|x64.Build.0 = MinSizeRel|x64
		{2F7F9CC5-A9F9-3C13-9809-6BBFEA2BF284}.RelWithDebInfo|x64.ActiveCfg = RelWithDebInfo|x64
		{2F7F9CC5-A9F9-3C13-9809-6BBFEA2BF284}.RelWithDebInfo|x64.Build.0 = RelWithDebInfo|x64
		{AA257FEB-0C9D-33CC-8AB9-4F10908B65D5}.Debug|x64.ActiveCfg = Debug|x64
		{AA257FEB-0C9D-33CC-8AB9-4F10908B65D5}.Debug|x64.Build.0 = Debug|x64
		{AA257FEB-0C9D-33CC-8AB9-4F10908B65D5}.Release|x64.ActiveCfg = Release|x64
		{AA257FEB-0C9D-33CC-8AB9-4F10908B65D5}.Release|x64.Build.0 = Release|x64
		{AA257FEB-0C9D-33CC-8AB9-4F10908B65D5}.MinSizeRel|x64.ActiveCfg = MinSizeRel|x64
		{AA257FEB-0C9D-33CC-8AB9-4F10908B65D5}.MinSizeRel|x64.Build.0 = MinSizeRel|x64
		{AA257FEB-0C9D-33CC-8AB9-4F10908B65D5}.RelWithDebInfo|x64.ActiveCfg = RelWithDebInfo|x64
		{AA257FEB-0C9D-33CC-8AB9-4F10908B65D5}.RelWithDebInfo|x64.Build.0 = RelWithDebInfo|x64
		{2A3570D9-E2F9-3F2D-A887-4352AE041D6E}.Debug|x64.ActiveCfg = Debug|x64
		{2A3570D9-E2F9-3F2D-A887-4352AE041D6E}.Debug|x64.Build.0 = Debug|x64
		{2A3570D9-E2F9-3F2D-A887-4352AE041D6E}.Release|x64.ActiveCfg = Release|x64
		{2A3570D9-E2F9-3F2D-A887-4352AE041D6E}.Release|x64.Build.0 = Release|x64
		{2A3570D9-E2F9-3F2D-A887-4352AE041D6E}.MinSizeRel|x64.ActiveCfg = MinSizeRel|x64
		{2A3570D9-E2F9-3F2D-A887-4352AE041D6E}.MinSizeRel|x64.Build.0 = MinSizeRel|x64
		{2A3570D9-E2F9-3F2D-A887-4352AE041D6E}.RelWithDebInfo|x64.ActiveCfg = RelWithDebInfo|x64
		{2A3570D9-E2F9-3F2D-A887-4352AE041D6E}.RelWithDebInfo|x64.Build.0 = RelWithDebInfo|x64
		{32D44B6F-E7E5-3E1E-8F6C-257C96BD6661}.Debug|x64.ActiveCfg = Debug|x64
		{32D44B6F-E7E5-3E1E-8F6C-257C96BD6661}.Debug|x64.Build.0 = Debug|x64
		{32D44B6F-E7E5-3E1E-8F6C-257C96BD6661}.Release|x64.ActiveCfg = Release|x64
		{32D44B6F-E7E5-3E1E-8F6C-257C96BD6661}.Release|x64.Build.0 = Release|x64
		{32D44B6F-E7E5-3E1E-8F6C-257C96BD6661}.MinSizeRel|x64.ActiveCfg = MinSizeRel|x64
		{32D44B6F-E7E5-3E1E-8F6C-257C96BD6661}.MinSizeRel|x64.Build.0 = MinSizeRel|x64
		{32D44B6F-E7E5-3E1E-8F6C-257C96BD6661}.RelWithDebInfo|x64.ActiveCfg = RelWithDebInfo|x64
		{32D44B6F-E7E5-3E1E-8F6C-257C96BD6661}.RelWithDebInfo|x64.Build.0 = RelWithDebInfo|x64
		{D92BC09A-D965-32E4-97D5-4564C538F204}.Debug|x64.ActiveCfg = Debug|x64
		{D92BC09A-D965-32E4-97D5-4564C538F204}.Debug|x64.Build.0 = Debug|x64
		{D92BC09A-D965-32E4-97D5-4564C538F204}.Release|x64.ActiveCfg = Release|x64
		{D92BC09A-D965-32E4-97D5-4564C538F204}.Release|x64.Build.0 = Release|x64
		{D92BC09A-D965-32E4-97D5-4564C538F204}.MinSizeRel|x64.ActiveCfg = MinSizeRel|x64
		{D92BC09A-D965-32E4-97D5-4564C538F204}.MinSizeRel|x64.Build.0 = MinSizeRel|x64
		{D92BC09A-D965-32E4-97D5-4564C538F204}.RelWithDebInfo|x64.ActiveCfg = RelWithDebInfo|x64
		{D92BC09A-D965-32E4-97D5-4564C538F204}.RelWithDebInfo|x64.Build.0 = RelWithDebInfo|x64
		{598DF185-466D-384F-A903-5D1FCDB219B6}.Debug|x64.ActiveCfg = Debug|x64
		{598DF185-466D-384F-A903-5D1FCDB219B6}.Debug|x64.Build.0 = Debug|x64
		{598DF185-466D-384F-A903-5D1FCDB219B6}.Release|x64.ActiveCfg = Release|x64
		{598DF185-466D-384F-A903-5D1FCDB219B6}.Release|x64.Build.0 = Release|x64
		{598DF185-466D-384F-A903-5D1FCDB219B6}.MinSizeRel|x64.ActiveCfg = MinSizeRel|x64
		{598DF185-466D-384F-A903-5D1FCDB219B6}.MinSizeRel|x64.Build.0 = MinSizeRel|x64
		{598DF185-466D-384F-A903-5D1FCDB219B6}.RelWithDebInfo|x64.ActiveCfg = RelWithDebInfo|x64
		{598DF185-466D-384F-A903-5D1FCDB219B6}.RelWithDebInfo|x64.Build.0 = RelWithDebInfo|x64
		{5F17544C-F6E8-3EA6-A0DC-788865D202C1}.Debug|x64.ActiveCfg = Debug|x64
		{5F17544C-F6E8-3EA6-A0DC-788865D202C1}.Debug|x64.Build.0 = Debug|x64
		{5F17544C-F6E8-3EA6-A0DC-788865D202C1}.Release|x64.ActiveCfg = Release|x64
		{5F17544C-F6E8-3EA6-A0DC-788865D202C1}.Release|x64.Build.0 = Release|x64
		{5F17544C-F6E8-3EA6-A0DC-788865D202C1}.MinSizeRel|x64.ActiveCfg = MinSizeRel|x64
		{5F17544C-F6E8-3EA6-A0DC-788865D202C1}.MinSizeRel|x64.Build.0 = MinSizeRel|x64
		{5F17544C-F6E8-3EA6-A0DC-788865D202C1}.RelWithDebInfo|x64.ActiveCfg = RelWithDebInfo|x64
		{5F17544C-F6E8-3EA6-A0DC-788865D202C1}.RelWithDebInfo|x64.Build.0 = RelWithDebInfo|x64
		{570265CE-A649-36BA-810D-52B95A0386B5}.Debug|x64.ActiveCfg = Debug|x64
		{570265CE-A649-36BA-810D-52B95A0386B5}.Debug|x64.Build.0 = Debug|x64
		{570265CE-A649-36BA-810D-52B95A0386B5}.Release|x64.ActiveCfg = Release|x64
		{570265CE-A649-36BA-810D-52B95A0386B5}.Release|x64.Build.0 = Release|x64
		{570265CE-A649-36BA-810D-52B95A0386B5}.MinSizeRel|x64.ActiveCfg = MinSizeRel|x64
		{570265CE-A649-36BA-810D-52B95A0386B5}.MinSizeRel|x64.Build.0 = MinSizeRel|x64
		{570265CE-A649-36BA-810D-52B95A0386B5}.RelWithDebInfo|x64.ActiveCfg = RelWithDebInfo|x64
		{570265CE-A649-36BA-810D-52B95A0386B5}.RelWithDebInfo|x64.Build.0 = RelWithDebInfo|x64
		{24D393DF-B9F3-361D-8697-5933C2EF5A42}.Debug|x64.ActiveCfg = Debug|x64
		{24D393DF-B9F3-361D-8697-5933C2EF5A42}.Debug|x64.Build.0 = Debug|x64
		{24D393DF-B9F3-361D-8697-5933C2EF5A42}.Release|x64.ActiveCfg = Release|x64
		{24D393DF-B9F3-361D-8697-5933C2EF5A42}.Release|x64.Build.0 = Release|x64
		{24D393DF-B9F3-361D-8697-5933C2EF5A42}.MinSizeRel|x64.ActiveCfg = MinSizeRel|x64
		{24D393DF-B9F3-361D-8697-5933C2EF5A42}.MinSizeRel|x64.Build.0 = MinSizeRel|x64
		{24D393DF-B9F3-361D-8697-5933C2EF5A42}.RelWithDebInfo|x64.ActiveCfg = RelWithDebInfo|x64
		{24D393DF-B9F3-361D-8697-5933C2EF5A42}.RelWithDebInfo|x64.Build.0 = RelWithDebInfo|x64
		{FCC76684-0B19-353A-81AA-558D25F77DF9}.Debug|x64.ActiveCfg = Debug|x64
		{FCC76684-0B19-353A-81AA-558D25F77DF9}.Debug|x64.Build.0 = Debug|x64
		{FCC76684-0B19-353A-81AA-558D25F77DF9}.Release|x64.ActiveCfg = Release|x64
		{FCC76684-0B19-353A-81AA-558D25F77DF9}.Release|x64.Build.0 = Release|x64
		{FCC76684-0B19-353A-81AA-558D25F77DF9}.MinSizeRel|x64.ActiveCfg = MinSizeRel|x64
		{FCC76684-0B19-353A-81AA-558D25F77DF9}.MinSizeRel|x64.Build.0 = MinSizeRel|x64
		{FCC76684-0B19-353A-81AA-558D25F77DF9}.RelWithDebInfo|x64.ActiveCfg = RelWithDebInfo|x64
		{FCC76684-0B19-353A-81AA-558D25F77DF9}.RelWithDebInfo|x64.Build.0 = RelWithDebInfo|x64
		{C8D94EB4-E023-3035-9126-96E95DD118DE}.Debug|x64.ActiveCfg = Debug|x64
		{C8D94EB4-E023-3035-9126-96E95DD118DE}.Debug|x64.Build.0 = Debug|x64
		{C8D94EB4-E023-3035-9126-96E95DD118DE}.Release|x64.ActiveCfg = Release|x64
		{C8D94EB4-E023-3035-9126-96E95DD118DE}.Release|x64.Build.0 = Release|x64
		{C8D94EB4-E023-3035-9126-96E95DD118DE}.MinSizeRel|x64.ActiveCfg = MinSizeRel|x64
		{C8D94EB4-E023-3035-9126-96E95DD118DE}.MinSizeRel|x64.Build.0 = MinSizeRel|x64
		{C8D94EB4-E023-3035-9126-96E95DD118DE}.RelWithDebInfo|x64.ActiveCfg = RelWithDebInfo|x64
		{C8D94EB4-E023-3035-9126-96E95DD118DE}.RelWithDebInfo|x64.Build.0 = RelWithDebInfo|x64
		{04A5F9B4-9330-317A-B3A7-4BA48C5FE405}.Debug|x64.ActiveCfg = Debug|x64
		{04A5F9B4-9330-317A-B3A7-4BA48C5FE405}.Debug|x64.Build.0 = Debug|x64
		{04A5F9B4-9330-317A-B3A7-4BA48C5FE405}.Release|x64.ActiveCfg = Release|x64
		{04A5F9B4-9330-317A-B3A7-4BA48C5FE405}.Release|x64.Build.0 = Release|x64
		{04A5F9B4-9330-317A-B3A7-4BA48C5FE405}.MinSizeRel|x64.ActiveCfg = MinSizeRel|x64
		{04A5F9B4-9330-317A-B3A7-4BA48C5FE405}.MinSizeRel|x64.Build.0 = MinSizeRel|x64
		{04A5F9B4-9330-317A-B3A7-4BA48C5FE405}.RelWithDebInfo|x64.ActiveCfg = RelWithDebInfo|x64
		{04A5F9B4-9330-317A-B3A7-4BA48C5FE405}.RelWithDebInfo|x64.Build.0 = RelWithDebInfo|x64
		{E27E9D07-1DF7-3979-AC4C-EEC0DA872261}.Debug|x64.ActiveCfg = Debug|x64
		{E27E9D07-1DF7-3979-AC4C-EEC0DA872261}.Debug|x64.Build.0 = Debug|x64
		{E27E9D07-1DF7-3979-AC4C-EEC0DA872261}.Release|x64.ActiveCfg = Release|x64
		{E27E9D07-1DF7-3979-AC4C-EEC0DA872261}.Release|x64.Build.0 = Release|x64
		{E27E9D07-1DF7-3979-AC4C-EEC0DA872261}.MinSizeRel|x64.ActiveCfg = MinSizeRel|x64
		{E27E9D07-1DF7-3979-AC4C-EEC0DA872261}.MinSizeRel|x64.Build.0 = MinSizeRel|x64
		{E27E9D07-1DF7-3979-AC4C-EEC0DA872261}.RelWithDebInfo|x64.ActiveCfg = RelWithDebInfo|x64
		{E27E9D07-1DF7-3979-AC4C-EEC0DA872261}.RelWithDebInfo|x64.Build.0 = RelWithDebInfo|x64
		{405CB535-AB57-309A-B28F-7ABFAB395CFA}.Debug|x64.ActiveCfg = Debug|x64
		{405CB535-AB57-309A-B28F-7ABFAB395CFA}.Debug|x64.Build.0 = Debug|x64
		{405CB535-AB57-309A-B28F-7ABFAB395CFA}.Release|x64.ActiveCfg = Release|x64
		{405CB535-AB57-309A-B28F-7ABFAB395CFA}.Release|x64.Build.0 = Release|x64
		{405CB535-AB57-309A-B28F-7ABFAB395CFA}.MinSizeRel|x64.ActiveCfg = MinSizeRel|x64
		{405CB535-AB57-309A-B28F-7ABFAB395CFA}.MinSizeRel|x64.Build.0 = MinSizeRel|x64
		{405CB535-AB57-309A-B28F-7ABFAB395CFA}.RelWithDebInfo|x64.ActiveCfg = RelWithDebInfo|x64
		{405CB535-AB57-309A-B28F-7ABFAB395CFA}.RelWithDebInfo|x64.Build.0 = RelWithDebInfo|x64
		{FE30721D-17BD-307D-A2EF-DD115CDA7448}.Debug|x64.ActiveCfg = Debug|x64
		{FE30721D-17BD-307D-A2EF-DD115CDA7448}.Debug|x64.Build.0 = Debug|x64
		{FE30721D-17BD-307D-A2EF-DD115CDA7448}.Release|x64.ActiveCfg = Release|x64
		{FE30721D-17BD-307D-A2EF-DD115CDA7448}.Release|x64.Build.0 = Release|x64
		{FE30721D-17BD-307D-A2EF-DD115CDA7448}.MinSizeRel|x64.ActiveCfg = MinSizeRel|x64
		{FE30721D-17BD-307D-A2EF-DD115CDA7448}.MinSizeRel|x64.Build.0 = MinSizeRel|x64
		{FE30721D-17BD-307D-A2EF-DD115CDA7448}.RelWithDebInfo|x64.ActiveCfg = RelWithDebInfo|x64
		{FE30721D-17BD-307D-A2EF-DD115CDA7448}.RelWithDebInfo|x64.Build.0 = RelWithDebInfo|x64
		{BACDC5EF-2B76-3248-988A-333F7FF257DD}.Debug|x64.ActiveCfg = Debug|x64
		{BACDC5EF-2B76-3248-988A-333F7FF257DD}.Debug|x64.Build.0 = Debug|x64
		{BACDC5EF-2B76-3248-988A-333F7FF257DD}.Release|x64.ActiveCfg = Release|x64
		{BACDC5EF-2B76-3248-988A-333F7FF257DD}.Release|x64.Build.0 = Release|x64
		{BACDC5EF-2B76-3248-988A-333F7FF257DD}.MinSizeRel|x64.ActiveCfg = MinSizeRel|x64
		{BACDC5EF-2B76-3248-988A-333F7FF257DD}.MinSizeRel|x64.Build.0 = MinSizeRel|x64
		{BACDC5EF-2B76-3248-988A-333F7FF257DD}.RelWithDebInfo|x64.ActiveCfg = RelWithDebInfo|x64
		{BACDC5EF-2B76-3248-988A-333F7FF257DD}.RelWithDebInfo|x64.Build.0 = RelWithDebInfo|x64
		{FD9834D5-550F-39AA-BB77-9FD977F6054B}.Debug|x64.ActiveCfg = Debug|x64
		{FD9834D5-550F-39AA-BB77-9FD977F6054B}.Debug|x64.Build.0 = Debug|x64
		{FD9834D5-550F-39AA-BB77-9FD977F6054B}.Release|x64.ActiveCfg = Release|x64
		{FD9834D5-550F-39AA-BB77-9FD977F6054B}.Release|x64.Build.0 = Release|x64
		{FD9834D5-550F-39AA-BB77-9FD977F6054B}.MinSizeRel|x64.ActiveCfg = MinSizeRel|x64
		{FD9834D5-550F-39AA-BB77-9FD977F6054B}.MinSizeRel|x64.Build.0 = MinSizeRel|x64
		{FD9834D5-550F-39AA-BB77-9FD977F6054B}.RelWithDebInfo|x64.ActiveCfg = RelWithDebInfo|x64
		{FD9834D5-550F-39AA-BB77-9FD977F6054B}.RelWithDebInfo|x64.Build.0 = RelWithDebInfo|x64
		{F190478C-620A-3F58-A8B8-5A77F188D598}.Debug|x64.ActiveCfg = Debug|x64
		{F190478C-620A-3F58-A8B8-5A77F188D598}.Debug|x64.Build.0 = Debug|x64
		{F190478C-620A-3F58-A8B8-5A77F188D598}.Release|x64.ActiveCfg = Release|x64
		{F190478C-620A-3F58-A8B8-5A77F188D598}.Release|x64.Build.0 = Release|x64
		{F190478C-620A-3F58-A8B8-5A77F188D598}.MinSizeRel|x64.ActiveCfg = MinSizeRel|x64
		{F190478C-620A-3F58-A8B8-5A77F188D598}.MinSizeRel|x64.Build.0 = MinSizeRel|x64
		{F190478C-620A-3F58-A8B8-5A77F188D598}.RelWithDebInfo|x64.ActiveCfg = RelWithDebInfo|x64
		{F190478C-620A-3F58-A8B8-5A77F188D598}.RelWithDebInfo|x64.Build.0 = RelWithDebInfo|x64
		{6B8F6195-AA13-320B-B819-389C6EFFC637}.Debug|x64.ActiveCfg = Debug|x64
		{6B8F6195-AA13-320B-B819-389C6EFFC637}.Debug|x64.Build.0 = Debug|x64
		{6B8F6195-AA13-320B-B819-389C6EFFC637}.Release|x64.ActiveCfg = Release|x64
		{6B8F6195-AA13-320B-B819-389C6EFFC637}.Release|x64.Build.0 = Release|x64
		{6B8F6195-AA13-320B-B819-389C6EFFC637}.MinSizeRel|x64.ActiveCfg = MinSizeRel|x64
		{6B8F6195-AA13-320B-B819-389C6EFFC637}.MinSizeRel|x64.Build.0 = MinSizeRel|x64
		{6B8F6195-AA13-320B-B819-389C6EFFC637}.RelWithDebInfo|x64.ActiveCfg = RelWithDebInfo|x64
		{6B8F6195-AA13-320B-B819-389C6EFFC637}.RelWithDebInfo|x64.Build.0 = RelWithDebInfo|x64
		{ED775DFE-6BE6-39E7-88EB-0A499EC01C86}.Debug|x64.ActiveCfg = Debug|x64
		{ED775DFE-6BE6-39E7-88EB-0A499EC01C86}.Debug|x64.Build.0 = Debug|x64
		{ED775DFE-6BE6-39E7-88EB-0A499EC01C86}.Release|x64.ActiveCfg = Release|x64
		{ED775DFE-6BE6-39E7-88EB-0A499EC01C86}.Release|x64.Build.0 = Release|x64
		{ED775DFE-6BE6-39E7-88EB-0A499EC01C86}.MinSizeRel|x64.ActiveCfg = MinSizeRel|x64
		{ED775DFE-6BE6-39E7-88EB-0A499EC01C86}.MinSizeRel|x64.Build.0 = MinSizeRel|x64
		{ED775DFE-6BE6-39E7-88EB-0A499EC01C86}.RelWithDebInfo|x64.ActiveCfg = RelWithDebInfo|x64
		{ED775DFE-6BE6-39E7-88EB-0A499EC01C86}.RelWithDebInfo|x64.Build.0 = RelWithDebInfo|x64
		{7E8D69C6-BF82-3003-A557-08835DF10630}.Debug|x64.ActiveCfg = Debug|x64
		{7E8D69C6-BF82-3003-A557-08835DF10630}.Debug|x64.Build.0 = Debug|x64
		{7E8D69C6-BF82-3003-A557-08835DF10630}.Release|x64.ActiveCfg = Release|x64
		{7E8D69C6-BF82-3003-A557-08835DF10630}.Release|x64.Build.0 = Release|x64
		{7E8D69C6-BF82-3003-A557-08835DF10630}.MinSizeRel|x64.ActiveCfg = MinSizeRel|x64
		{7E8D69C6-BF82-3003-A557-08835DF10630}.MinSizeRel|x64.Build.0 = MinSizeRel|x64
		{7E8D69C6-BF82-3003-A557-08835DF10630}.RelWithDebInfo|x64.ActiveCfg = RelWithDebInfo|x64
		{7E8D69C6-BF82-3003-A557-08835DF10630}.RelWithDebInfo|x64.Build.0 = RelWithDebInfo|x64
		{FA4F4CEB-012C-3953-B980-7E72FAB6AB97}.Debug|x64.ActiveCfg = Debug|x64
		{FA4F4CEB-012C-3953-B980-7E72FAB6AB97}.Debug|x64.Build.0 = Debug|x64
		{FA4F4CEB-012C-3953-B980-7E72FAB6AB97}.Release|x64.ActiveCfg = Release|x64
		{FA4F4CEB-012C-3953-B980-7E72FAB6AB97}.Release|x64.Build.0 = Release|x64
		{FA4F4CEB-012C-3953-B980-7E72FAB6AB97}.MinSizeRel|x64.ActiveCfg = MinSizeRel|x64
		{FA4F4CEB-012C-3953-B980-7E72FAB6AB97}.MinSizeRel|x64.Build.0 = MinSizeRel|x64
		{FA4F4CEB-012C-3953-B980-7E72FAB6AB97}.RelWithDebInfo|x64.ActiveCfg = RelWithDebInfo|x64
		{FA4F4CEB-012C-3953-B980-7E72FAB6AB97}.RelWithDebInfo|x64.Build.0 = RelWithDebInfo|x64
		{49D61F8F-771F-37BA-B350-4097F4E77939}.Debug|x64.ActiveCfg = Debug|x64
		{49D61F8F-771F-37BA-B350-4097F4E77939}.Debug|x64.Build.0 = Debug|x64
		{49D61F8F-771F-37BA-B350-4097F4E77939}.Release|x64.ActiveCfg = Release|x64
		{49D61F8F-771F-37BA-B350-4097F4E77939}.Release|x64.Build.0 = Release|x64
		{49D61F8F-771F-37BA-B350-4097F4E77939}.MinSizeRel|x64.ActiveCfg = MinSizeRel|x64
		{49D61F8F-771F-37BA-B350-4097F4E77939}.MinSizeRel|x64.Build.0 = MinSizeRel|x64
		{49D61F8F-771F-37BA-B350-4097F4E77939}.RelWithDebInfo|x64.ActiveCfg = RelWithDebInfo|x64
		{49D61F8F-771F-37BA-B350-4097F4E77939}.RelWithDebInfo|x64.Build.0 = RelWithDebInfo|x64
		{83EA3D06-73DD-35EE-A4AA-32807E762BC4}.Debug|x64.ActiveCfg = Debug|x64
		{83EA3D06-73DD-35EE-A4AA-32807E762BC4}.Debug|x64.Build.0 = Debug|x64
		{83EA3D06-73DD-35EE-A4AA-32807E762BC4}.Release|x64.ActiveCfg = Release|x64
		{83EA3D06-73DD-35EE-A4AA-32807E762BC4}.Release|x64.Build.0 = Release|x64
		{83EA3D06-73DD-35EE-A4AA-32807E762BC4}.MinSizeRel|x64.ActiveCfg = MinSizeRel|x64
		{83EA3D06-73DD-35EE-A4AA-32807E762BC4}.MinSizeRel|x64.Build.0 = MinSizeRel|x64
		{83EA3D06-73DD-35EE-A4AA-32807E762BC4}.RelWithDebInfo|x64.ActiveCfg = RelWithDebInfo|x64
		{83EA3D06-73DD-35EE-A4AA-32807E762BC4}.RelWithDebInfo|x64.Build.0 = RelWithDebInfo|x64
	EndGlobalSection
	GlobalSection(NestedProjects) = preSolution
		{07CB3114-CEE9-3ACE-9DA6-14236FE23E87} = {3C7F65F3-039A-3D63-9331-810F4CD1E411}
		{588F009D-CE2F-3AC2-87A3-829D79D67798} = {3C7F65F3-039A-3D63-9331-810F4CD1E411}
	EndGlobalSection
	GlobalSection(ExtensibilityGlobals) = postSolution
		SolutionGuid = {65A45BF0-6CDB-34C6-87F7-4DE13D53A617}
	EndGlobalSection
	GlobalSection(ExtensibilityAddIns) = postSolution
	EndGlobalSection
EndGlobal
