<?xml version="1.0" encoding="utf-8"?>
<Project ToolsVersion="16.0" xmlns="http://schemas.microsoft.com/developer/msbuild/2003">
  <ItemGroup>
    <ClCompile Include="C:\ProgramData\NVIDIA Corporation\OptiX SDK 7.2.0\SDK\support\GLFW\src\context.c">
      <Filter>Source Files</Filter>
    </ClCompile>
    <ClCompile Include="C:\ProgramData\NVIDIA Corporation\OptiX SDK 7.2.0\SDK\support\GLFW\src\init.c">
      <Filter>Source Files</Filter>
    </ClCompile>
    <ClCompile Include="C:\ProgramData\NVIDIA Corporation\OptiX SDK 7.2.0\SDK\support\GLFW\src\input.c">
      <Filter>Source Files</Filter>
    </ClCompile>
    <ClCompile Include="C:\ProgramData\NVIDIA Corporation\OptiX SDK 7.2.0\SDK\support\GLFW\src\monitor.c">
      <Filter>Source Files</Filter>
    </ClCompile>
    <ClCompile Include="C:\ProgramData\NVIDIA Corporation\OptiX SDK 7.2.0\SDK\support\GLFW\src\vulkan.c">
      <Filter>Source Files</Filter>
    </ClCompile>
    <ClCompile Include="C:\ProgramData\NVIDIA Corporation\OptiX SDK 7.2.0\SDK\support\GLFW\src\window.c">
      <Filter>Source Files</Filter>
    </ClCompile>
    <ClCompile Include="C:\ProgramData\NVIDIA Corporation\OptiX SDK 7.2.0\SDK\support\GLFW\src\win32_init.c">
      <Filter>Source Files</Filter>
    </ClCompile>
    <ClCompile Include="C:\ProgramData\NVIDIA Corporation\OptiX SDK 7.2.0\SDK\support\GLFW\src\win32_joystick.c">
      <Filter>Source Files</Filter>
    </ClCompile>
    <ClCompile Include="C:\ProgramData\NVIDIA Corporation\OptiX SDK 7.2.0\SDK\support\GLFW\src\win32_monitor.c">
      <Filter>Source Files</Filter>
    </ClCompile>
    <ClCompile Include="C:\ProgramData\NVIDIA Corporation\OptiX SDK 7.2.0\SDK\support\GLFW\src\win32_time.c">
      <Filter>Source Files</Filter>
    </ClCompile>
    <ClCompile Include="C:\ProgramData\NVIDIA Corporation\OptiX SDK 7.2.0\SDK\support\GLFW\src\win32_tls.c">
      <Filter>Source Files</Filter>
    </ClCompile>
    <ClCompile Include="C:\ProgramData\NVIDIA Corporation\OptiX SDK 7.2.0\SDK\support\GLFW\src\win32_window.c">
      <Filter>Source Files</Filter>
    </ClCompile>
    <ClCompile Include="C:\ProgramData\NVIDIA Corporation\OptiX SDK 7.2.0\SDK\support\GLFW\src\wgl_context.c">
      <Filter>Source Files</Filter>
    </ClCompile>
    <ClCompile Include="C:\ProgramData\NVIDIA Corporation\OptiX SDK 7.2.0\SDK\support\GLFW\src\egl_context.c">
      <Filter>Source Files</Filter>
    </ClCompile>
  </ItemGroup>
  <ItemGroup>
    <ClInclude Include="C:\ProgramData\NVIDIA Corporation\OptiX SDK 7.2.0\SDK\support\GLFW\src\internal.h">
      <Filter>Header Files</Filter>
    </ClInclude>
    <ClInclude Include="C:\ProgramData\NVIDIA Corporation\OptiX SDK 7.2.0\SDK\support\GLFW\src\glfw_config.h">
      <Filter>Header Files</Filter>
    </ClInclude>
    <ClInclude Include="C:\ProgramData\NVIDIA Corporation\OptiX SDK 7.2.0\SDK\support\GLFW\include\GLFW\glfw3.h">
      <Filter>Header Files</Filter>
    </ClInclude>
    <ClInclude Include="C:\ProgramData\NVIDIA Corporation\OptiX SDK 7.2.0\SDK\support\GLFW\include\GLFW\glfw3native.h">
      <Filter>Header Files</Filter>
    </ClInclude>
    <ClInclude Include="C:\ProgramData\NVIDIA Corporation\OptiX SDK 7.2.0\SDK\support\GLFW\src\win32_platform.h">
      <Filter>Header Files</Filter>
    </ClInclude>
    <ClInclude Include="C:\ProgramData\NVIDIA Corporation\OptiX SDK 7.2.0\SDK\support\GLFW\src\win32_joystick.h">
      <Filter>Header Files</Filter>
    </ClInclude>
    <ClInclude Include="C:\ProgramData\NVIDIA Corporation\OptiX SDK 7.2.0\SDK\support\GLFW\src\wgl_context.h">
      <Filter>Header Files</Filter>
    </ClInclude>
    <ClInclude Include="C:\ProgramData\NVIDIA Corporation\OptiX SDK 7.2.0\SDK\support\GLFW\src\egl_context.h">
      <Filter>Header Files</Filter>
    </ClInclude>
  </ItemGroup>
  <ItemGroup>
    <CustomBuild Include="C:\ProgramData\NVIDIA Corporation\OptiX SDK 7.2.0\SDK\support\GLFW\src\CMakeLists.txt" />
  </ItemGroup>
  <ItemGroup>
    <Filter Include="Header Files">
      <UniqueIdentifier>{71BE23EF-B145-39B5-A1BC-56C964B2120D}</UniqueIdentifier>
    </Filter>
    <Filter Include="Source Files">
      <UniqueIdentifier>{C2610680-5923-3864-9651-E2FF43DA0BBF}</UniqueIdentifier>
    </Filter>
  </ItemGroup>
</Project>
