<?xml version="1.0" encoding="utf-8"?>
<Project ToolsVersion="16.0" xmlns="http://schemas.microsoft.com/developer/msbuild/2003">
  <ItemGroup>
    <ClCompile Include="C:\ProgramData\NVIDIA Corporation\OptiX SDK 7.2.0\SDK\sutil\Camera.cpp">
      <Filter>Source Files</Filter>
    </ClCompile>
    <ClCompile Include="C:\ProgramData\NVIDIA Corporation\OptiX SDK 7.2.0\SDK\sutil\GLDisplay.cpp">
      <Filter>Source Files</Filter>
    </ClCompile>
    <ClCompile Include="C:\ProgramData\NVIDIA Corporation\OptiX SDK 7.2.0\SDK\sutil\PPMLoader.cpp">
      <Filter>Source Files</Filter>
    </ClCompile>
    <ClCompile Include="C:\ProgramData\NVIDIA Corporation\OptiX SDK 7.2.0\SDK\sutil\Scene.cpp">
      <Filter>Source Files</Filter>
    </ClCompile>
    <ClCompile Include="C:\ProgramData\NVIDIA Corporation\OptiX SDK 7.2.0\SDK\sutil\sutil.cpp">
      <Filter>Source Files</Filter>
    </ClCompile>
    <ClCompile Include="C:\ProgramData\NVIDIA Corporation\OptiX SDK 7.2.0\SDK\sutil\Trackball.cpp">
      <Filter>Source Files</Filter>
    </ClCompile>
  </ItemGroup>
  <ItemGroup>
    <ClInclude Include="C:\ProgramData\NVIDIA Corporation\OptiX SDK 7.2.0\SDK\sampleConfig.h">
      <Filter>Header Files</Filter>
    </ClInclude>
    <ClInclude Include="C:\ProgramData\NVIDIA Corporation\OptiX SDK 7.2.0\SDK\cuda\BufferView.h">
      <Filter>Header Files</Filter>
    </ClInclude>
    <ClInclude Include="C:\ProgramData\NVIDIA Corporation\OptiX SDK 7.2.0\SDK\cuda\GeometryData.h">
      <Filter>Header Files</Filter>
    </ClInclude>
    <ClInclude Include="C:\ProgramData\NVIDIA Corporation\OptiX SDK 7.2.0\SDK\cuda\Light.h">
      <Filter>Header Files</Filter>
    </ClInclude>
    <ClInclude Include="C:\ProgramData\NVIDIA Corporation\OptiX SDK 7.2.0\SDK\cuda\LocalGeometry.h">
      <Filter>Header Files</Filter>
    </ClInclude>
    <ClInclude Include="C:\ProgramData\NVIDIA Corporation\OptiX SDK 7.2.0\SDK\cuda\MaterialData.h">
      <Filter>Header Files</Filter>
    </ClInclude>
    <ClInclude Include="C:\ProgramData\NVIDIA Corporation\OptiX SDK 7.2.0\SDK\cuda\util.h">
      <Filter>Header Files</Filter>
    </ClInclude>
    <ClInclude Include="C:\ProgramData\NVIDIA Corporation\OptiX SDK 7.2.0\SDK\cuda\helpers.h">
      <Filter>Header Files</Filter>
    </ClInclude>
    <ClInclude Include="C:\ProgramData\NVIDIA Corporation\OptiX SDK 7.2.0\SDK\sutil\Aabb.h">
      <Filter>Header Files</Filter>
    </ClInclude>
    <ClInclude Include="C:\ProgramData\NVIDIA Corporation\OptiX SDK 7.2.0\SDK\sutil\Camera.h">
      <Filter>Header Files</Filter>
    </ClInclude>
    <ClInclude Include="C:\ProgramData\NVIDIA Corporation\OptiX SDK 7.2.0\SDK\sutil\CUDAOutputBuffer.h">
      <Filter>Header Files</Filter>
    </ClInclude>
    <ClInclude Include="C:\ProgramData\NVIDIA Corporation\OptiX SDK 7.2.0\SDK\sutil\Exception.h">
      <Filter>Header Files</Filter>
    </ClInclude>
    <ClInclude Include="C:\ProgramData\NVIDIA Corporation\OptiX SDK 7.2.0\SDK\sutil\GLDisplay.h">
      <Filter>Header Files</Filter>
    </ClInclude>
    <ClInclude Include="C:\ProgramData\NVIDIA Corporation\OptiX SDK 7.2.0\SDK\sutil\Matrix.h">
      <Filter>Header Files</Filter>
    </ClInclude>
    <ClInclude Include="C:\ProgramData\NVIDIA Corporation\OptiX SDK 7.2.0\SDK\sutil\PPMLoader.h">
      <Filter>Header Files</Filter>
    </ClInclude>
    <ClInclude Include="C:\ProgramData\NVIDIA Corporation\OptiX SDK 7.2.0\SDK\sutil\Preprocessor.h">
      <Filter>Header Files</Filter>
    </ClInclude>
    <ClInclude Include="C:\ProgramData\NVIDIA Corporation\OptiX SDK 7.2.0\SDK\sutil\Quaternion.h">
      <Filter>Header Files</Filter>
    </ClInclude>
    <ClInclude Include="C:\ProgramData\NVIDIA Corporation\OptiX SDK 7.2.0\SDK\sutil\Record.h">
      <Filter>Header Files</Filter>
    </ClInclude>
    <ClInclude Include="C:\ProgramData\NVIDIA Corporation\OptiX SDK 7.2.0\SDK\sutil\Scene.h">
      <Filter>Header Files</Filter>
    </ClInclude>
    <ClInclude Include="C:\ProgramData\NVIDIA Corporation\OptiX SDK 7.2.0\SDK\sutil\sutilapi.h">
      <Filter>Header Files</Filter>
    </ClInclude>
    <ClInclude Include="C:\ProgramData\NVIDIA Corporation\OptiX SDK 7.2.0\SDK\sutil\sutil.h">
      <Filter>Header Files</Filter>
    </ClInclude>
    <ClInclude Include="C:\ProgramData\NVIDIA Corporation\OptiX SDK 7.2.0\SDK\sutil\Trackball.h">
      <Filter>Header Files</Filter>
    </ClInclude>
    <ClInclude Include="C:\ProgramData\NVIDIA Corporation\OptiX SDK 7.2.0\SDK\sutil\vec_math.h">
      <Filter>Header Files</Filter>
    </ClInclude>
  </ItemGroup>
  <ItemGroup>
    <CustomBuild Include="C:\ProgramData\NVIDIA Corporation\OptiX SDK 7.2.0\SDK\sutil\CMakeLists.txt" />
  </ItemGroup>
  <ItemGroup>
    <None Include="C:\ProgramData\NVIDIA Corporation\OptiX SDK 7.2.0\SDK\cuda\sphere.cu">
      <Filter>Source Files</Filter>
    </None>
    <None Include="C:\ProgramData\NVIDIA Corporation\OptiX SDK 7.2.0\SDK\cuda\whitted.cu">
      <Filter>Source Files</Filter>
    </None>
  </ItemGroup>
  <ItemGroup>
    <Filter Include="Header Files">
      <UniqueIdentifier>{71BE23EF-B145-39B5-A1BC-56C964B2120D}</UniqueIdentifier>
    </Filter>
    <Filter Include="Source Files">
      <UniqueIdentifier>{C2610680-5923-3864-9651-E2FF43DA0BBF}</UniqueIdentifier>
    </Filter>
  </ItemGroup>
</Project>
